
Microsoft Visual Studio Solution File, Format Version 12.00
# Visual Studio Version 17
VisualStudioVersion = 17.4.33403.182
MinimumVisualStudioVersion = 10.0.40219.1
Project("{FAE04EC0-301F-11D3-BF4B-00C04F79EFBC}") = "AplicacionReciclaje", "AplicacionReciclaje\AplicacionReciclaje.csproj", "{1549BCEF-53A9-41F4-8565-F86ED4E367D2}"
EndProject
Global
	GlobalSection(SolutionConfigurationPlatforms) = preSolution
		Debug|Any CPU = Debug|Any CPU
		Release|Any CPU = Release|Any CPU
	EndGlobalSection
	GlobalSection(ProjectConfigurationPlatforms) = postSolution
		{1549BCEF-53A9-41F4-8565-F86ED4E367D2}.Debug|Any CPU.ActiveCfg = Debug|Any CPU
		{1549BCEF-53A9-41F4-8565-F86ED4E367D2}.Debug|Any CPU.Build.0 = Debug|Any CPU
		{1549BCEF-53A9-41F4-8565-F86ED4E367D2}.Release|Any CPU.ActiveCfg = Release|Any CPU
		{1549BCEF-53A9-41F4-8565-F86ED4E367D2}.Release|Any CPU.Build.0 = Release|Any CPU
	EndGlobalSection
	GlobalSection(SolutionProperties) = preSolution
		HideSolutionNode = FALSE
	EndGlobalSection
	GlobalSection(ExtensibilityGlobals) = postSolution
		SolutionGuid = {BCA6B471-BB88-42FB-8D91-62C917E11921}
	EndGlobalSection
EndGlobal
